
Microsoft Visual Studio Solution File, Format Version 12.00
# Visual Studio Version 16
VisualStudioVersion = 16.0.28917.182
MinimumVisualStudioVersion = 10.0.40219.1
Project("{9A19103F-16F7-4668-BE54-9A1E7A4F7556}") = "Polished.net", "src\Polished.net\Polished.net.csproj", "{837A1FFD-D7C5-4EF4-BCA4-91CCB228201B}"
EndProject
Project("{9A19103F-16F7-4668-BE54-9A1E7A4F7556}") = "Polished.net.tests", "src\Polished.net.tests\Polished.net.tests.csproj", "{53BA05F1-DDC6-4C6D-BF43-125E2F2CAC01}"
EndProject
Project("{2150E333-8FDC-42A3-9474-1A3956D46DE8}") = "Solution Items", "Solution Items", "{7D0A702B-44A7-4929-AE59-78EBC74F7686}"
	ProjectSection(SolutionItems) = preProject
		readme.md = readme.md
	EndProjectSection
EndProject
Global
	GlobalSection(SolutionConfigurationPlatforms) = preSolution
		Debug|Any CPU = Debug|Any CPU
		Release|Any CPU = Release|Any CPU
	EndGlobalSection
	GlobalSection(ProjectConfigurationPlatforms) = postSolution
		{837A1FFD-D7C5-4EF4-BCA4-91CCB228201B}.Debug|Any CPU.ActiveCfg = Debug|Any CPU
		{837A1FFD-D7C5-4EF4-BCA4-91CCB228201B}.Debug|Any CPU.Build.0 = Debug|Any CPU
		{837A1FFD-D7C5-4EF4-BCA4-91CCB228201B}.Release|Any CPU.ActiveCfg = Release|Any CPU
		{837A1FFD-D7C5-4EF4-BCA4-91CCB228201B}.Release|Any CPU.Build.0 = Release|Any CPU
		{53BA05F1-DDC6-4C6D-BF43-125E2F2CAC01}.Debug|Any CPU.ActiveCfg = Debug|Any CPU
		{53BA05F1-DDC6-4C6D-BF43-125E2F2CAC01}.Debug|Any CPU.Build.0 = Debug|Any CPU
		{53BA05F1-DDC6-4C6D-BF43-125E2F2CAC01}.Release|Any CPU.ActiveCfg = Release|Any CPU
		{53BA05F1-DDC6-4C6D-BF43-125E2F2CAC01}.Release|Any CPU.Build.0 = Release|Any CPU
	EndGlobalSection
	GlobalSection(SolutionProperties) = preSolution
		HideSolutionNode = FALSE
	EndGlobalSection
	GlobalSection(ExtensibilityGlobals) = postSolution
		SolutionGuid = {CAC83A9A-2BEC-42F6-A1D6-0AB6A0F704FB}
	EndGlobalSection
EndGlobal
